
Microsoft Visual Studio Solution File, Format Version 12.00
# Visual Studio 2013
VisualStudioVersion = 12.0.40629.0
MinimumVisualStudioVersion = 10.0.40219.1
Project("{FAE04EC0-301F-11D3-BF4B-00C04F79EFBC}") = "SlideoutView.FormsPlugin.Abstractions", "SlideoutView\SlideoutView.FormsPlugin.Abstractions\SlideoutView.FormsPlugin.Abstractions.csproj", "{14C534B6-1984-41A9-A384-D3A5508588E3}"
EndProject
Project("{FAE04EC0-301F-11D3-BF4B-00C04F79EFBC}") = "SlideoutView.FormsPlugin.iOSUnified", "SlideoutView\SlideoutView.FormsPlugin.iOSUnified\SlideoutView.FormsPlugin.iOSUnified.csproj", "{D525F236-6A2D-4010-B1CC-4A4B8581C90B}"
EndProject
Project("{FAE04EC0-301F-11D3-BF4B-00C04F79EFBC}") = "SlideoutView.FormsPlugin.Android", "SlideoutView\SlideoutView.FormsPlugin.Android\SlideoutView.FormsPlugin.Android.csproj", "{AD2D2DB4-E781-4CF1-9B62-3AAD264F196D}"
EndProject
Project("{2150E333-8FDC-42A3-9474-1A3956D46DE8}") = "Test", "Test", "{01A41C98-FC97-4ED6-BD3E-14E9FB6AF84E}"
EndProject
Project("{FAE04EC0-301F-11D3-BF4B-00C04F79EFBC}") = "TestApp", "Test\TestApp\TestApp\TestApp.csproj", "{C104AC1A-D12A-445E-A72D-9F26A092430D}"
EndProject
Project("{FAE04EC0-301F-11D3-BF4B-00C04F79EFBC}") = "TestApp.iOS", "Test\TestApp\TestApp.iOS\TestApp.iOS.csproj", "{32C9240B-8495-4264-8BC9-9F1DAB9EF041}"
EndProject
Project("{FAE04EC0-301F-11D3-BF4B-00C04F79EFBC}") = "TestApp.Droid", "Test\TestApp\TestApp.Droid\TestApp.Droid.csproj", "{38539947-5AEB-4936-BF60-DC5709D9BBC0}"
EndProject
Global
	GlobalSection(SolutionConfigurationPlatforms) = preSolution
		Ad-Hoc|Any CPU = Ad-Hoc|Any CPU
		Ad-Hoc|iPhone = Ad-Hoc|iPhone
		Ad-Hoc|iPhoneSimulator = Ad-Hoc|iPhoneSimulator
		Ad-Hoc|Mixed Platforms = Ad-Hoc|Mixed Platforms
		AppStore|Any CPU = AppStore|Any CPU
		AppStore|iPhone = AppStore|iPhone
		AppStore|iPhoneSimulator = AppStore|iPhoneSimulator
		AppStore|Mixed Platforms = AppStore|Mixed Platforms
		Debug|Any CPU = Debug|Any CPU
		Debug|iPhone = Debug|iPhone
		Debug|iPhoneSimulator = Debug|iPhoneSimulator
		Debug|Mixed Platforms = Debug|Mixed Platforms
		Release|Any CPU = Release|Any CPU
		Release|iPhone = Release|iPhone
		Release|iPhoneSimulator = Release|iPhoneSimulator
		Release|Mixed Platforms = Release|Mixed Platforms
	EndGlobalSection
	GlobalSection(ProjectConfigurationPlatforms) = postSolution
		{14C534B6-1984-41A9-A384-D3A5508588E3}.Ad-Hoc|Any CPU.ActiveCfg = Release|Any CPU
		{14C534B6-1984-41A9-A384-D3A5508588E3}.Ad-Hoc|Any CPU.Build.0 = Release|Any CPU
		{14C534B6-1984-41A9-A384-D3A5508588E3}.Ad-Hoc|iPhone.ActiveCfg = Release|Any CPU
		{14C534B6-1984-41A9-A384-D3A5508588E3}.Ad-Hoc|iPhoneSimulator.ActiveCfg = Release|Any CPU
		{14C534B6-1984-41A9-A384-D3A5508588E3}.Ad-Hoc|Mixed Platforms.ActiveCfg = Release|Any CPU
		{14C534B6-1984-41A9-A384-D3A5508588E3}.Ad-Hoc|Mixed Platforms.Build.0 = Release|Any CPU
		{14C534B6-1984-41A9-A384-D3A5508588E3}.AppStore|Any CPU.ActiveCfg = Release|Any CPU
		{14C534B6-1984-41A9-A384-D3A5508588E3}.AppStore|Any CPU.Build.0 = Release|Any CPU
		{14C534B6-1984-41A9-A384-D3A5508588E3}.AppStore|iPhone.ActiveCfg = Release|Any CPU
		{14C534B6-1984-41A9-A384-D3A5508588E3}.AppStore|iPhoneSimulator.ActiveCfg = Release|Any CPU
		{14C534B6-1984-41A9-A384-D3A5508588E3}.AppStore|Mixed Platforms.ActiveCfg = Release|Any CPU
		{14C534B6-1984-41A9-A384-D3A5508588E3}.AppStore|Mixed Platforms.Build.0 = Release|Any CPU
		{14C534B6-1984-41A9-A384-D3A5508588E3}.Debug|Any CPU.ActiveCfg = Debug|Any CPU
		{14C534B6-1984-41A9-A384-D3A5508588E3}.Debug|Any CPU.Build.0 = Debug|Any CPU
		{14C534B6-1984-41A9-A384-D3A5508588E3}.Debug|iPhone.ActiveCfg = Debug|Any CPU
		{14C534B6-1984-41A9-A384-D3A5508588E3}.Debug|iPhoneSimulator.ActiveCfg = Debug|Any CPU
		{14C534B6-1984-41A9-A384-D3A5508588E3}.Debug|Mixed Platforms.ActiveCfg = Debug|Any CPU
		{14C534B6-1984-41A9-A384-D3A5508588E3}.Debug|Mixed Platforms.Build.0 = Debug|Any CPU
		{14C534B6-1984-41A9-A384-D3A5508588E3}.Release|Any CPU.ActiveCfg = Release|Any CPU
		{14C534B6-1984-41A9-A384-D3A5508588E3}.Release|Any CPU.Build.0 = Release|Any CPU
		{14C534B6-1984-41A9-A384-D3A5508588E3}.Release|iPhone.ActiveCfg = Release|Any CPU
		{14C534B6-1984-41A9-A384-D3A5508588E3}.Release|iPhoneSimulator.ActiveCfg = Release|Any CPU
		{14C534B6-1984-41A9-A384-D3A5508588E3}.Release|Mixed Platforms.ActiveCfg = Release|Any CPU
		{14C534B6-1984-41A9-A384-D3A5508588E3}.Release|Mixed Platforms.Build.0 = Release|Any CPU
		{D525F236-6A2D-4010-B1CC-4A4B8581C90B}.Ad-Hoc|Any CPU.ActiveCfg = Release|Any CPU
		{D525F236-6A2D-4010-B1CC-4A4B8581C90B}.Ad-Hoc|Any CPU.Build.0 = Release|Any CPU
		{D525F236-6A2D-4010-B1CC-4A4B8581C90B}.Ad-Hoc|iPhone.ActiveCfg = Release|Any CPU
		{D525F236-6A2D-4010-B1CC-4A4B8581C90B}.Ad-Hoc|iPhoneSimulator.ActiveCfg = Release|Any CPU
		{D525F236-6A2D-4010-B1CC-4A4B8581C90B}.Ad-Hoc|Mixed Platforms.ActiveCfg = Release|Any CPU
		{D525F236-6A2D-4010-B1CC-4A4B8581C90B}.Ad-Hoc|Mixed Platforms.Build.0 = Release|Any CPU
		{D525F236-6A2D-4010-B1CC-4A4B8581C90B}.AppStore|Any CPU.ActiveCfg = Release|Any CPU
		{D525F236-6A2D-4010-B1CC-4A4B8581C90B}.AppStore|Any CPU.Build.0 = Release|Any CPU
		{D525F236-6A2D-4010-B1CC-4A4B8581C90B}.AppStore|iPhone.ActiveCfg = Release|Any CPU
		{D525F236-6A2D-4010-B1CC-4A4B8581C90B}.AppStore|iPhoneSimulator.ActiveCfg = Release|Any CPU
		{D525F236-6A2D-4010-B1CC-4A4B8581C90B}.AppStore|Mixed Platforms.ActiveCfg = Release|Any CPU
		{D525F236-6A2D-4010-B1CC-4A4B8581C90B}.AppStore|Mixed Platforms.Build.0 = Release|Any CPU
		{D525F236-6A2D-4010-B1CC-4A4B8581C90B}.Debug|Any CPU.ActiveCfg = Debug|Any CPU
		{D525F236-6A2D-4010-B1CC-4A4B8581C90B}.Debug|Any CPU.Build.0 = Debug|Any CPU
		{D525F236-6A2D-4010-B1CC-4A4B8581C90B}.Debug|iPhone.ActiveCfg = Debug|Any CPU
		{D525F236-6A2D-4010-B1CC-4A4B8581C90B}.Debug|iPhoneSimulator.ActiveCfg = Debug|Any CPU
		{D525F236-6A2D-4010-B1CC-4A4B8581C90B}.Debug|Mixed Platforms.ActiveCfg = Debug|Any CPU
		{D525F236-6A2D-4010-B1CC-4A4B8581C90B}.Debug|Mixed Platforms.Build.0 = Debug|Any CPU
		{D525F236-6A2D-4010-B1CC-4A4B8581C90B}.Release|Any CPU.ActiveCfg = Release|Any CPU
		{D525F236-6A2D-4010-B1CC-4A4B8581C90B}.Release|Any CPU.Build.0 = Release|Any CPU
		{D525F236-6A2D-4010-B1CC-4A4B8581C90B}.Release|iPhone.ActiveCfg = Release|Any CPU
		{D525F236-6A2D-4010-B1CC-4A4B8581C90B}.Release|iPhoneSimulator.ActiveCfg = Release|Any CPU
		{D525F236-6A2D-4010-B1CC-4A4B8581C90B}.Release|Mixed Platforms.ActiveCfg = Release|Any CPU
		{D525F236-6A2D-4010-B1CC-4A4B8581C90B}.Release|Mixed Platforms.Build.0 = Release|Any CPU
		{AD2D2DB4-E781-4CF1-9B62-3AAD264F196D}.Ad-Hoc|Any CPU.ActiveCfg = Release|Any CPU
		{AD2D2DB4-E781-4CF1-9B62-3AAD264F196D}.Ad-Hoc|Any CPU.Build.0 = Release|Any CPU
		{AD2D2DB4-E781-4CF1-9B62-3AAD264F196D}.Ad-Hoc|iPhone.ActiveCfg = Release|Any CPU
		{AD2D2DB4-E781-4CF1-9B62-3AAD264F196D}.Ad-Hoc|iPhoneSimulator.ActiveCfg = Release|Any CPU
		{AD2D2DB4-E781-4CF1-9B62-3AAD264F196D}.Ad-Hoc|Mixed Platforms.ActiveCfg = Release|Any CPU
		{AD2D2DB4-E781-4CF1-9B62-3AAD264F196D}.Ad-Hoc|Mixed Platforms.Build.0 = Release|Any CPU
		{AD2D2DB4-E781-4CF1-9B62-3AAD264F196D}.AppStore|Any CPU.ActiveCfg = Release|Any CPU
		{AD2D2DB4-E781-4CF1-9B62-3AAD264F196D}.AppStore|Any CPU.Build.0 = Release|Any CPU
		{AD2D2DB4-E781-4CF1-9B62-3AAD264F196D}.AppStore|iPhone.ActiveCfg = Release|Any CPU
		{AD2D2DB4-E781-4CF1-9B62-3AAD264F196D}.AppStore|iPhoneSimulator.ActiveCfg = Release|Any CPU
		{AD2D2DB4-E781-4CF1-9B62-3AAD264F196D}.AppStore|Mixed Platforms.ActiveCfg = Release|Any CPU
		{AD2D2DB4-E781-4CF1-9B62-3AAD264F196D}.AppStore|Mixed Platforms.Build.0 = Release|Any CPU
		{AD2D2DB4-E781-4CF1-9B62-3AAD264F196D}.Debug|Any CPU.ActiveCfg = Debug|Any CPU
		{AD2D2DB4-E781-4CF1-9B62-3AAD264F196D}.Debug|Any CPU.Build.0 = Debug|Any CPU
		{AD2D2DB4-E781-4CF1-9B62-3AAD264F196D}.Debug|iPhone.ActiveCfg = Debug|Any CPU
		{AD2D2DB4-E781-4CF1-9B62-3AAD264F196D}.Debug|iPhoneSimulator.ActiveCfg = Debug|Any CPU
		{AD2D2DB4-E781-4CF1-9B62-3AAD264F196D}.Debug|Mixed Platforms.ActiveCfg = Debug|Any CPU
		{AD2D2DB4-E781-4CF1-9B62-3AAD264F196D}.Debug|Mixed Platforms.Build.0 = Debug|Any CPU
		{AD2D2DB4-E781-4CF1-9B62-3AAD264F196D}.Release|Any CPU.ActiveCfg = Release|Any CPU
		{AD2D2DB4-E781-4CF1-9B62-3AAD264F196D}.Release|Any CPU.Build.0 = Release|Any CPU
		{AD2D2DB4-E781-4CF1-9B62-3AAD264F196D}.Release|iPhone.ActiveCfg = Release|Any CPU
		{AD2D2DB4-E781-4CF1-9B62-3AAD264F196D}.Release|iPhoneSimulator.ActiveCfg = Release|Any CPU
		{AD2D2DB4-E781-4CF1-9B62-3AAD264F196D}.Release|Mixed Platforms.ActiveCfg = Release|Any CPU
		{AD2D2DB4-E781-4CF1-9B62-3AAD264F196D}.Release|Mixed Platforms.Build.0 = Release|Any CPU
		{C104AC1A-D12A-445E-A72D-9F26A092430D}.Ad-Hoc|Any CPU.ActiveCfg = Release|Any CPU
		{C104AC1A-D12A-445E-A72D-9F26A092430D}.Ad-Hoc|Any CPU.Build.0 = Release|Any CPU
		{C104AC1A-D12A-445E-A72D-9F26A092430D}.Ad-Hoc|iPhone.ActiveCfg = Release|Any CPU
		{C104AC1A-D12A-445E-A72D-9F26A092430D}.Ad-Hoc|iPhoneSimulator.ActiveCfg = Release|Any CPU
		{C104AC1A-D12A-445E-A72D-9F26A092430D}.Ad-Hoc|Mixed Platforms.ActiveCfg = Release|Any CPU
		{C104AC1A-D12A-445E-A72D-9F26A092430D}.Ad-Hoc|Mixed Platforms.Build.0 = Release|Any CPU
		{C104AC1A-D12A-445E-A72D-9F26A092430D}.AppStore|Any CPU.ActiveCfg = Release|Any CPU
		{C104AC1A-D12A-445E-A72D-9F26A092430D}.AppStore|Any CPU.Build.0 = Release|Any CPU
		{C104AC1A-D12A-445E-A72D-9F26A092430D}.AppStore|iPhone.ActiveCfg = Release|Any CPU
		{C104AC1A-D12A-445E-A72D-9F26A092430D}.AppStore|iPhoneSimulator.ActiveCfg = Release|Any CPU
		{C104AC1A-D12A-445E-A72D-9F26A092430D}.AppStore|Mixed Platforms.ActiveCfg = Release|Any CPU
		{C104AC1A-D12A-445E-A72D-9F26A092430D}.AppStore|Mixed Platforms.Build.0 = Release|Any CPU
		{C104AC1A-D12A-445E-A72D-9F26A092430D}.Debug|Any CPU.ActiveCfg = Debug|Any CPU
		{C104AC1A-D12A-445E-A72D-9F26A092430D}.Debug|Any CPU.Build.0 = Debug|Any CPU
		{C104AC1A-D12A-445E-A72D-9F26A092430D}.Debug|iPhone.ActiveCfg = Debug|Any CPU
		{C104AC1A-D12A-445E-A72D-9F26A092430D}.Debug|iPhoneSimulator.ActiveCfg = Debug|Any CPU
		{C104AC1A-D12A-445E-A72D-9F26A092430D}.Debug|Mixed Platforms.ActiveCfg = Debug|Any CPU
		{C104AC1A-D12A-445E-A72D-9F26A092430D}.Debug|Mixed Platforms.Build.0 = Debug|Any CPU
		{C104AC1A-D12A-445E-A72D-9F26A092430D}.Release|Any CPU.ActiveCfg = Release|Any CPU
		{C104AC1A-D12A-445E-A72D-9F26A092430D}.Release|Any CPU.Build.0 = Release|Any CPU
		{C104AC1A-D12A-445E-A72D-9F26A092430D}.Release|iPhone.ActiveCfg = Release|Any CPU
		{C104AC1A-D12A-445E-A72D-9F26A092430D}.Release|iPhoneSimulator.ActiveCfg = Release|Any CPU
		{C104AC1A-D12A-445E-A72D-9F26A092430D}.Release|Mixed Platforms.ActiveCfg = Release|Any CPU
		{C104AC1A-D12A-445E-A72D-9F26A092430D}.Release|Mixed Platforms.Build.0 = Release|Any CPU
		{32C9240B-8495-4264-8BC9-9F1DAB9EF041}.Ad-Hoc|Any CPU.ActiveCfg = Ad-Hoc|iPhone
		{32C9240B-8495-4264-8BC9-9F1DAB9EF041}.Ad-Hoc|iPhone.ActiveCfg = Ad-Hoc|iPhone
		{32C9240B-8495-4264-8BC9-9F1DAB9EF041}.Ad-Hoc|iPhone.Build.0 = Ad-Hoc|iPhone
		{32C9240B-8495-4264-8BC9-9F1DAB9EF041}.Ad-Hoc|iPhoneSimulator.ActiveCfg = Ad-Hoc|iPhoneSimulator
		{32C9240B-8495-4264-8BC9-9F1DAB9EF041}.Ad-Hoc|iPhoneSimulator.Build.0 = Ad-Hoc|iPhoneSimulator
		{32C9240B-8495-4264-8BC9-9F1DAB9EF041}.Ad-Hoc|Mixed Platforms.ActiveCfg = Ad-Hoc|iPhone
		{32C9240B-8495-4264-8BC9-9F1DAB9EF041}.Ad-Hoc|Mixed Platforms.Build.0 = Ad-Hoc|iPhone
		{32C9240B-8495-4264-8BC9-9F1DAB9EF041}.AppStore|Any CPU.ActiveCfg = AppStore|iPhone
		{32C9240B-8495-4264-8BC9-9F1DAB9EF041}.AppStore|iPhone.ActiveCfg = AppStore|iPhone
		{32C9240B-8495-4264-8BC9-9F1DAB9EF041}.AppStore|iPhone.Build.0 = AppStore|iPhone
		{32C9240B-8495-4264-8BC9-9F1DAB9EF041}.AppStore|iPhoneSimulator.ActiveCfg = AppStore|iPhoneSimulator
		{32C9240B-8495-4264-8BC9-9F1DAB9EF041}.AppStore|iPhoneSimulator.Build.0 = AppStore|iPhoneSimulator
		{32C9240B-8495-4264-8BC9-9F1DAB9EF041}.AppStore|Mixed Platforms.ActiveCfg = AppStore|iPhone
		{32C9240B-8495-4264-8BC9-9F1DAB9EF041}.AppStore|Mixed Platforms.Build.0 = AppStore|iPhone
		{32C9240B-8495-4264-8BC9-9F1DAB9EF041}.Debug|Any CPU.ActiveCfg = Debug|iPhone
		{32C9240B-8495-4264-8BC9-9F1DAB9EF041}.Debug|iPhone.ActiveCfg = Debug|iPhone
		{32C9240B-8495-4264-8BC9-9F1DAB9EF041}.Debug|iPhone.Build.0 = Debug|iPhone
		{32C9240B-8495-4264-8BC9-9F1DAB9EF041}.Debug|iPhoneSimulator.ActiveCfg = Debug|iPhoneSimulator
		{32C9240B-8495-4264-8BC9-9F1DAB9EF041}.Debug|iPhoneSimulator.Build.0 = Debug|iPhoneSimulator
		{32C9240B-8495-4264-8BC9-9F1DAB9EF041}.Debug|Mixed Platforms.ActiveCfg = Debug|iPhone
		{32C9240B-8495-4264-8BC9-9F1DAB9EF041}.Debug|Mixed Platforms.Build.0 = Debug|iPhone
		{32C9240B-8495-4264-8BC9-9F1DAB9EF041}.Release|Any CPU.ActiveCfg = Release|iPhone
		{32C9240B-8495-4264-8BC9-9F1DAB9EF041}.Release|iPhone.ActiveCfg = Release|iPhone
		{32C9240B-8495-4264-8BC9-9F1DAB9EF041}.Release|iPhone.Build.0 = Release|iPhone
		{32C9240B-8495-4264-8BC9-9F1DAB9EF041}.Release|iPhoneSimulator.ActiveCfg = Release|iPhoneSimulator
		{32C9240B-8495-4264-8BC9-9F1DAB9EF041}.Release|iPhoneSimulator.Build.0 = Release|iPhoneSimulator
		{32C9240B-8495-4264-8BC9-9F1DAB9EF041}.Release|Mixed Platforms.ActiveCfg = Release|iPhone
		{32C9240B-8495-4264-8BC9-9F1DAB9EF041}.Release|Mixed Platforms.Build.0 = Release|iPhone
		{38539947-5AEB-4936-BF60-DC5709D9BBC0}.Ad-Hoc|Any CPU.ActiveCfg = Release|Any CPU
		{38539947-5AEB-4936-BF60-DC5709D9BBC0}.Ad-Hoc|Any CPU.Build.0 = Release|Any CPU
		{38539947-5AEB-4936-BF60-DC5709D9BBC0}.Ad-Hoc|Any CPU.Deploy.0 = Release|Any CPU
		{38539947-5AEB-4936-BF60-DC5709D9BBC0}.Ad-Hoc|iPhone.ActiveCfg = Release|Any CPU
		{38539947-5AEB-4936-BF60-DC5709D9BBC0}.Ad-Hoc|iPhoneSimulator.ActiveCfg = Release|Any CPU
		{38539947-5AEB-4936-BF60-DC5709D9BBC0}.Ad-Hoc|Mixed Platforms.ActiveCfg = Release|Any CPU
		{38539947-5AEB-4936-BF60-DC5709D9BBC0}.Ad-Hoc|Mixed Platforms.Build.0 = Release|Any CPU
		{38539947-5AEB-4936-BF60-DC5709D9BBC0}.Ad-Hoc|Mixed Platforms.Deploy.0 = Release|Any CPU
		{38539947-5AEB-4936-BF60-DC5709D9BBC0}.AppStore|Any CPU.ActiveCfg = Release|Any CPU
		{38539947-5AEB-4936-BF60-DC5709D9BBC0}.AppStore|Any CPU.Build.0 = Release|Any CPU
		{38539947-5AEB-4936-BF60-DC5709D9BBC0}.AppStore|Any CPU.Deploy.0 = Release|Any CPU
		{38539947-5AEB-4936-BF60-DC5709D9BBC0}.AppStore|iPhone.ActiveCfg = Release|Any CPU
		{38539947-5AEB-4936-BF60-DC5709D9BBC0}.AppStore|iPhoneSimulator.ActiveCfg = Release|Any CPU
		{38539947-5AEB-4936-BF60-DC5709D9BBC0}.AppStore|Mixed Platforms.ActiveCfg = Release|Any CPU
		{38539947-5AEB-4936-BF60-DC5709D9BBC0}.AppStore|Mixed Platforms.Build.0 = Release|Any CPU
		{38539947-5AEB-4936-BF60-DC5709D9BBC0}.AppStore|Mixed Platforms.Deploy.0 = Release|Any CPU
		{38539947-5AEB-4936-BF60-DC5709D9BBC0}.Debug|Any CPU.ActiveCfg = Debug|Any CPU
		{38539947-5AEB-4936-BF60-DC5709D9BBC0}.Debug|Any CPU.Build.0 = Debug|Any CPU
		{38539947-5AEB-4936-BF60-DC5709D9BBC0}.Debug|Any CPU.Deploy.0 = Debug|Any CPU
		{38539947-5AEB-4936-BF60-DC5709D9BBC0}.Debug|iPhone.ActiveCfg = Debug|Any CPU
		{38539947-5AEB-4936-BF60-DC5709D9BBC0}.Debug|iPhoneSimulator.ActiveCfg = Debug|Any CPU
		{38539947-5AEB-4936-BF60-DC5709D9BBC0}.Debug|Mixed Platforms.ActiveCfg = Debug|Any CPU
		{38539947-5AEB-4936-BF60-DC5709D9BBC0}.Debug|Mixed Platforms.Build.0 = Debug|Any CPU
		{38539947-5AEB-4936-BF60-DC5709D9BBC0}.Debug|Mixed Platforms.Deploy.0 = Debug|Any CPU
		{38539947-5AEB-4936-BF60-DC5709D9BBC0}.Release|Any CPU.ActiveCfg = Release|Any CPU
		{38539947-5AEB-4936-BF60-DC5709D9BBC0}.Release|Any CPU.Build.0 = Release|Any CPU
		{38539947-5AEB-4936-BF60-DC5709D9BBC0}.Release|Any CPU.Deploy.0 = Release|Any CPU
		{38539947-5AEB-4936-BF60-DC5709D9BBC0}.Release|iPhone.ActiveCfg = Release|Any CPU
		{38539947-5AEB-4936-BF60-DC5709D9BBC0}.Release|iPhoneSimulator.ActiveCfg = Release|Any CPU
		{38539947-5AEB-4936-BF60-DC5709D9BBC0}.Release|Mixed Platforms.ActiveCfg = Release|Any CPU
		{38539947-5AEB-4936-BF60-DC5709D9BBC0}.Release|Mixed Platforms.Build.0 = Release|Any CPU
		{38539947-5AEB-4936-BF60-DC5709D9BBC0}.Release|Mixed Platforms.Deploy.0 = Release|Any CPU
	EndGlobalSection
	GlobalSection(SolutionProperties) = preSolution
		HideSolutionNode = FALSE
	EndGlobalSection
	GlobalSection(NestedProjects) = preSolution
		{C104AC1A-D12A-445E-A72D-9F26A092430D} = {01A41C98-FC97-4ED6-BD3E-14E9FB6AF84E}
		{32C9240B-8495-4264-8BC9-9F1DAB9EF041} = {01A41C98-FC97-4ED6-BD3E-14E9FB6AF84E}
		{38539947-5AEB-4936-BF60-DC5709D9BBC0} = {01A41C98-FC97-4ED6-BD3E-14E9FB6AF84E}
	EndGlobalSection
EndGlobal
